
Microsoft Visual Studio Solution File, Format Version 12.00
# Visual Studio Version 17
VisualStudioVersion = 17.0.31903.59
MinimumVisualStudioVersion = 10.0.40219.1
Project("{2150E333-8FDC-42A3-9474-1A3956D46DE8}") = "src", "src", "{827E0CD3-B72D-47B6-A68D-7590B98EB39B}"
EndProject
Project("{FAE04EC0-301F-11D3-BF4B-00C04F79EFBC}") = "AuctionService", "src\AuctionService\AuctionService.csproj", "{F02DEEC9-6DE9-4B3A-9B9F-D8A81E9F9A28}"
EndProject
Project("{FAE04EC0-301F-11D3-BF4B-00C04F79EFBC}") = "SearchService", "src\SearchService\SearchService.csproj", "{87E34419-FAA4-4F40-8B22-FF82E6E84E4B}"
EndProject
Project("{FAE04EC0-301F-11D3-BF4B-00C04F79EFBC}") = "Contracts", "src\Contracts\Contracts.csproj", "{E04DB49B-8786-46B1-A4CC-373834506814}"
EndProject
Global
	GlobalSection(SolutionConfigurationPlatforms) = preSolution
		Debug|Any CPU = Debug|Any CPU
		Debug|x64 = Debug|x64
		Debug|x86 = Debug|x86
		Release|Any CPU = Release|Any CPU
		Release|x64 = Release|x64
		Release|x86 = Release|x86
	EndGlobalSection
	GlobalSection(ProjectConfigurationPlatforms) = postSolution
		{F02DEEC9-6DE9-4B3A-9B9F-D8A81E9F9A28}.Debug|Any CPU.ActiveCfg = Debug|Any CPU
		{F02DEEC9-6DE9-4B3A-9B9F-D8A81E9F9A28}.Debug|Any CPU.Build.0 = Debug|Any CPU
		{F02DEEC9-6DE9-4B3A-9B9F-D8A81E9F9A28}.Debug|x64.ActiveCfg = Debug|Any CPU
		{F02DEEC9-6DE9-4B3A-9B9F-D8A81E9F9A28}.Debug|x64.Build.0 = Debug|Any CPU
		{F02DEEC9-6DE9-4B3A-9B9F-D8A81E9F9A28}.Debug|x86.ActiveCfg = Debug|Any CPU
		{F02DEEC9-6DE9-4B3A-9B9F-D8A81E9F9A28}.Debug|x86.Build.0 = Debug|Any CPU
		{F02DEEC9-6DE9-4B3A-9B9F-D8A81E9F9A28}.Release|Any CPU.ActiveCfg = Release|Any CPU
		{F02DEEC9-6DE9-4B3A-9B9F-D8A81E9F9A28}.Release|Any CPU.Build.0 = Release|Any CPU
		{F02DEEC9-6DE9-4B3A-9B9F-D8A81E9F9A28}.Release|x64.ActiveCfg = Release|Any CPU
		{F02DEEC9-6DE9-4B3A-9B9F-D8A81E9F9A28}.Release|x64.Build.0 = Release|Any CPU
		{F02DEEC9-6DE9-4B3A-9B9F-D8A81E9F9A28}.Release|x86.ActiveCfg = Release|Any CPU
		{F02DEEC9-6DE9-4B3A-9B9F-D8A81E9F9A28}.Release|x86.Build.0 = Release|Any CPU
		{87E34419-FAA4-4F40-8B22-FF82E6E84E4B}.Debug|Any CPU.ActiveCfg = Debug|Any CPU
		{87E34419-FAA4-4F40-8B22-FF82E6E84E4B}.Debug|Any CPU.Build.0 = Debug|Any CPU
		{87E34419-FAA4-4F40-8B22-FF82E6E84E4B}.Debug|x64.ActiveCfg = Debug|Any CPU
		{87E34419-FAA4-4F40-8B22-FF82E6E84E4B}.Debug|x64.Build.0 = Debug|Any CPU
		{87E34419-FAA4-4F40-8B22-FF82E6E84E4B}.Debug|x86.ActiveCfg = Debug|Any CPU
		{87E34419-FAA4-4F40-8B22-FF82E6E84E4B}.Debug|x86.Build.0 = Debug|Any CPU
		{87E34419-FAA4-4F40-8B22-FF82E6E84E4B}.Release|Any CPU.ActiveCfg = Release|Any CPU
		{87E34419-FAA4-4F40-8B22-FF82E6E84E4B}.Release|Any CPU.Build.0 = Release|Any CPU
		{87E34419-FAA4-4F40-8B22-FF82E6E84E4B}.Release|x64.ActiveCfg = Release|Any CPU
		{87E34419-FAA4-4F40-8B22-FF82E6E84E4B}.Release|x64.Build.0 = Release|Any CPU
		{87E34419-FAA4-4F40-8B22-FF82E6E84E4B}.Release|x86.ActiveCfg = Release|Any CPU
		{87E34419-FAA4-4F40-8B22-FF82E6E84E4B}.Release|x86.Build.0 = Release|Any CPU
		{E04DB49B-8786-46B1-A4CC-373834506814}.Debug|Any CPU.ActiveCfg = Debug|Any CPU
		{E04DB49B-8786-46B1-A4CC-373834506814}.Debug|Any CPU.Build.0 = Debug|Any CPU
		{E04DB49B-8786-46B1-A4CC-373834506814}.Debug|x64.ActiveCfg = Debug|Any CPU
		{E04DB49B-8786-46B1-A4CC-373834506814}.Debug|x64.Build.0 = Debug|Any CPU
		{E04DB49B-8786-46B1-A4CC-373834506814}.Debug|x86.ActiveCfg = Debug|Any CPU
		{E04DB49B-8786-46B1-A4CC-373834506814}.Debug|x86.Build.0 = Debug|Any CPU
		{E04DB49B-8786-46B1-A4CC-373834506814}.Release|Any CPU.ActiveCfg = Release|Any CPU
		{E04DB49B-8786-46B1-A4CC-373834506814}.Release|Any CPU.Build.0 = Release|Any CPU
		{E04DB49B-8786-46B1-A4CC-373834506814}.Release|x64.ActiveCfg = Release|Any CPU
		{E04DB49B-8786-46B1-A4CC-373834506814}.Release|x64.Build.0 = Release|Any CPU
		{E04DB49B-8786-46B1-A4CC-373834506814}.Release|x86.ActiveCfg = Release|Any CPU
		{E04DB49B-8786-46B1-A4CC-373834506814}.Release|x86.Build.0 = Release|Any CPU
	EndGlobalSection
	GlobalSection(SolutionProperties) = preSolution
		HideSolutionNode = FALSE
	EndGlobalSection
	GlobalSection(NestedProjects) = preSolution
		{F02DEEC9-6DE9-4B3A-9B9F-D8A81E9F9A28} = {827E0CD3-B72D-47B6-A68D-7590B98EB39B}
		{87E34419-FAA4-4F40-8B22-FF82E6E84E4B} = {827E0CD3-B72D-47B6-A68D-7590B98EB39B}
		{E04DB49B-8786-46B1-A4CC-373834506814} = {827E0CD3-B72D-47B6-A68D-7590B98EB39B}
	EndGlobalSection
EndGlobal
